
Microsoft Visual Studio Solution File, Format Version 12.00
# Visual Studio Version 17
VisualStudioVersion = 17.4.33205.214
MinimumVisualStudioVersion = 10.0.40219.1
Project("{FAE04EC0-301F-11D3-BF4B-00C04F79EFBC}") = "AozoraGaijiChuki", "AozoraGaijiChuki\AozoraGaijiChuki.csproj", "{35215F9A-F1F4-49FE-9226-CDE5B520AF7B}"
EndProject
Project("{FAE04EC0-301F-11D3-BF4B-00C04F79EFBC}") = "TestProject1", "TestProject1\TestProject1.csproj", "{8CD55C8F-4788-463B-8C7E-2794F1FAC1E5}"
EndProject
Global
	GlobalSection(SolutionConfigurationPlatforms) = preSolution
		Debug|Any CPU = Debug|Any CPU
		Release|Any CPU = Release|Any CPU
	EndGlobalSection
	GlobalSection(ProjectConfigurationPlatforms) = postSolution
		{35215F9A-F1F4-49FE-9226-CDE5B520AF7B}.Debug|Any CPU.ActiveCfg = Debug|Any CPU
		{35215F9A-F1F4-49FE-9226-CDE5B520AF7B}.Debug|Any CPU.Build.0 = Debug|Any CPU
		{35215F9A-F1F4-49FE-9226-CDE5B520AF7B}.Release|Any CPU.ActiveCfg = Release|Any CPU
		{35215F9A-F1F4-49FE-9226-CDE5B520AF7B}.Release|Any CPU.Build.0 = Release|Any CPU
		{8CD55C8F-4788-463B-8C7E-2794F1FAC1E5}.Debug|Any CPU.ActiveCfg = Debug|Any CPU
		{8CD55C8F-4788-463B-8C7E-2794F1FAC1E5}.Debug|Any CPU.Build.0 = Debug|Any CPU
		{8CD55C8F-4788-463B-8C7E-2794F1FAC1E5}.Release|Any CPU.ActiveCfg = Release|Any CPU
		{8CD55C8F-4788-463B-8C7E-2794F1FAC1E5}.Release|Any CPU.Build.0 = Release|Any CPU
	EndGlobalSection
	GlobalSection(SolutionProperties) = preSolution
		HideSolutionNode = FALSE
	EndGlobalSection
	GlobalSection(ExtensibilityGlobals) = postSolution
		SolutionGuid = {CAFB8C5C-7547-45FD-9417-96C8F532478A}
	EndGlobalSection
EndGlobal
